
Microsoft Visual Studio Solution File, Format Version 12.00
# Visual Studio Version 17
VisualStudioVersion = 17.8.34330.188
MinimumVisualStudioVersion = 10.0.40219.1
Project("{FAE04EC0-301F-11D3-BF4B-00C04F79EFBC}") = "appslovo.Android", "appslovo\appslovo.Android\appslovo.Android.csproj", "{E07013A8-AE48-4A1D-8E63-FEF2EB3B56D4}"
EndProject
Project("{FAE04EC0-301F-11D3-BF4B-00C04F79EFBC}") = "appslovo.iOS", "appslovo\appslovo.iOS\appslovo.iOS.csproj", "{242B53D1-FE5E-4FAE-9557-4D8CC0A546DD}"
EndProject
Project("{9A19103F-16F7-4668-BE54-9A1E7A4F7556}") = "appslovoM", "appslovo\appslovo\appslovoM.csproj", "{D47DE11C-FDE7-49C8-A6B9-8DFAE6A7C42B}"
EndProject
Global
	GlobalSection(SolutionConfigurationPlatforms) = preSolution
		Debug|Any CPU = Debug|Any CPU
		Debug|iPhone = Debug|iPhone
		Debug|iPhoneSimulator = Debug|iPhoneSimulator
		Release|Any CPU = Release|Any CPU
		Release|iPhone = Release|iPhone
		Release|iPhoneSimulator = Release|iPhoneSimulator
	EndGlobalSection
	GlobalSection(ProjectConfigurationPlatforms) = postSolution
		{E07013A8-AE48-4A1D-8E63-FEF2EB3B56D4}.Debug|Any CPU.ActiveCfg = Debug|Any CPU
		{E07013A8-AE48-4A1D-8E63-FEF2EB3B56D4}.Debug|Any CPU.Build.0 = Debug|Any CPU
		{E07013A8-AE48-4A1D-8E63-FEF2EB3B56D4}.Debug|Any CPU.Deploy.0 = Debug|Any CPU
		{E07013A8-AE48-4A1D-8E63-FEF2EB3B56D4}.Debug|iPhone.ActiveCfg = Debug|Any CPU
		{E07013A8-AE48-4A1D-8E63-FEF2EB3B56D4}.Debug|iPhone.Build.0 = Debug|Any CPU
		{E07013A8-AE48-4A1D-8E63-FEF2EB3B56D4}.Debug|iPhone.Deploy.0 = Debug|Any CPU
		{E07013A8-AE48-4A1D-8E63-FEF2EB3B56D4}.Debug|iPhoneSimulator.ActiveCfg = Debug|Any CPU
		{E07013A8-AE48-4A1D-8E63-FEF2EB3B56D4}.Debug|iPhoneSimulator.Build.0 = Debug|Any CPU
		{E07013A8-AE48-4A1D-8E63-FEF2EB3B56D4}.Debug|iPhoneSimulator.Deploy.0 = Debug|Any CPU
		{E07013A8-AE48-4A1D-8E63-FEF2EB3B56D4}.Release|Any CPU.ActiveCfg = Release|Any CPU
		{E07013A8-AE48-4A1D-8E63-FEF2EB3B56D4}.Release|Any CPU.Build.0 = Release|Any CPU
		{E07013A8-AE48-4A1D-8E63-FEF2EB3B56D4}.Release|Any CPU.Deploy.0 = Release|Any CPU
		{E07013A8-AE48-4A1D-8E63-FEF2EB3B56D4}.Release|iPhone.ActiveCfg = Release|Any CPU
		{E07013A8-AE48-4A1D-8E63-FEF2EB3B56D4}.Release|iPhone.Build.0 = Release|Any CPU
		{E07013A8-AE48-4A1D-8E63-FEF2EB3B56D4}.Release|iPhone.Deploy.0 = Release|Any CPU
		{E07013A8-AE48-4A1D-8E63-FEF2EB3B56D4}.Release|iPhoneSimulator.ActiveCfg = Release|Any CPU
		{E07013A8-AE48-4A1D-8E63-FEF2EB3B56D4}.Release|iPhoneSimulator.Build.0 = Release|Any CPU
		{E07013A8-AE48-4A1D-8E63-FEF2EB3B56D4}.Release|iPhoneSimulator.Deploy.0 = Release|Any CPU
		{242B53D1-FE5E-4FAE-9557-4D8CC0A546DD}.Debug|Any CPU.ActiveCfg = Debug|iPhone
		{242B53D1-FE5E-4FAE-9557-4D8CC0A546DD}.Debug|Any CPU.Build.0 = Debug|iPhone
		{242B53D1-FE5E-4FAE-9557-4D8CC0A546DD}.Debug|Any CPU.Deploy.0 = Debug|iPhone
		{242B53D1-FE5E-4FAE-9557-4D8CC0A546DD}.Debug|iPhone.ActiveCfg = Debug|iPhone
		{242B53D1-FE5E-4FAE-9557-4D8CC0A546DD}.Debug|iPhone.Build.0 = Debug|iPhone
		{242B53D1-FE5E-4FAE-9557-4D8CC0A546DD}.Debug|iPhone.Deploy.0 = Debug|iPhone
		{242B53D1-FE5E-4FAE-9557-4D8CC0A546DD}.Debug|iPhoneSimulator.ActiveCfg = Debug|iPhoneSimulator
		{242B53D1-FE5E-4FAE-9557-4D8CC0A546DD}.Debug|iPhoneSimulator.Build.0 = Debug|iPhoneSimulator
		{242B53D1-FE5E-4FAE-9557-4D8CC0A546DD}.Debug|iPhoneSimulator.Deploy.0 = Debug|iPhoneSimulator
		{242B53D1-FE5E-4FAE-9557-4D8CC0A546DD}.Release|Any CPU.ActiveCfg = Release|iPhoneSimulator
		{242B53D1-FE5E-4FAE-9557-4D8CC0A546DD}.Release|Any CPU.Build.0 = Release|iPhoneSimulator
		{242B53D1-FE5E-4FAE-9557-4D8CC0A546DD}.Release|Any CPU.Deploy.0 = Release|iPhoneSimulator
		{242B53D1-FE5E-4FAE-9557-4D8CC0A546DD}.Release|iPhone.ActiveCfg = Release|iPhone
		{242B53D1-FE5E-4FAE-9557-4D8CC0A546DD}.Release|iPhone.Build.0 = Release|iPhone
		{242B53D1-FE5E-4FAE-9557-4D8CC0A546DD}.Release|iPhone.Deploy.0 = Release|iPhone
		{242B53D1-FE5E-4FAE-9557-4D8CC0A546DD}.Release|iPhoneSimulator.ActiveCfg = Release|iPhoneSimulator
		{242B53D1-FE5E-4FAE-9557-4D8CC0A546DD}.Release|iPhoneSimulator.Build.0 = Release|iPhoneSimulator
		{242B53D1-FE5E-4FAE-9557-4D8CC0A546DD}.Release|iPhoneSimulator.Deploy.0 = Release|iPhoneSimulator
		{D47DE11C-FDE7-49C8-A6B9-8DFAE6A7C42B}.Debug|Any CPU.ActiveCfg = Debug|Any CPU
		{D47DE11C-FDE7-49C8-A6B9-8DFAE6A7C42B}.Debug|Any CPU.Build.0 = Debug|Any CPU
		{D47DE11C-FDE7-49C8-A6B9-8DFAE6A7C42B}.Debug|Any CPU.Deploy.0 = Debug|Any CPU
		{D47DE11C-FDE7-49C8-A6B9-8DFAE6A7C42B}.Debug|iPhone.ActiveCfg = Debug|Any CPU
		{D47DE11C-FDE7-49C8-A6B9-8DFAE6A7C42B}.Debug|iPhone.Build.0 = Debug|Any CPU
		{D47DE11C-FDE7-49C8-A6B9-8DFAE6A7C42B}.Debug|iPhone.Deploy.0 = Debug|Any CPU
		{D47DE11C-FDE7-49C8-A6B9-8DFAE6A7C42B}.Debug|iPhoneSimulator.ActiveCfg = Debug|Any CPU
		{D47DE11C-FDE7-49C8-A6B9-8DFAE6A7C42B}.Debug|iPhoneSimulator.Build.0 = Debug|Any CPU
		{D47DE11C-FDE7-49C8-A6B9-8DFAE6A7C42B}.Debug|iPhoneSimulator.Deploy.0 = Debug|Any CPU
		{D47DE11C-FDE7-49C8-A6B9-8DFAE6A7C42B}.Release|Any CPU.ActiveCfg = Release|Any CPU
		{D47DE11C-FDE7-49C8-A6B9-8DFAE6A7C42B}.Release|Any CPU.Build.0 = Release|Any CPU
		{D47DE11C-FDE7-49C8-A6B9-8DFAE6A7C42B}.Release|Any CPU.Deploy.0 = Release|Any CPU
		{D47DE11C-FDE7-49C8-A6B9-8DFAE6A7C42B}.Release|iPhone.ActiveCfg = Release|Any CPU
		{D47DE11C-FDE7-49C8-A6B9-8DFAE6A7C42B}.Release|iPhone.Build.0 = Release|Any CPU
		{D47DE11C-FDE7-49C8-A6B9-8DFAE6A7C42B}.Release|iPhone.Deploy.0 = Release|Any CPU
		{D47DE11C-FDE7-49C8-A6B9-8DFAE6A7C42B}.Release|iPhoneSimulator.ActiveCfg = Release|Any CPU
		{D47DE11C-FDE7-49C8-A6B9-8DFAE6A7C42B}.Release|iPhoneSimulator.Build.0 = Release|Any CPU
		{D47DE11C-FDE7-49C8-A6B9-8DFAE6A7C42B}.Release|iPhoneSimulator.Deploy.0 = Release|Any CPU
	EndGlobalSection
	GlobalSection(SolutionProperties) = preSolution
		HideSolutionNode = FALSE
	EndGlobalSection
	GlobalSection(ExtensibilityGlobals) = postSolution
		SolutionGuid = {D7DA9770-71DE-4E65-A8E2-AD67135AC09B}
	EndGlobalSection
EndGlobal
